
Microsoft Visual Studio Solution File, Format Version 12.00
# Visual Studio Version 17
VisualStudioVersion = 17.10.34928.147
MinimumVisualStudioVersion = 10.0.40219.1
Project("{FAE04EC0-301F-11D3-BF4B-00C04F79EFBC}") = "ice-cream", "ice-cream.csproj", "{2994E41D-0362-4FC7-9204-A6E6759CFD07}"
EndProject
Global
	GlobalSection(SolutionConfigurationPlatforms) = preSolution
		Debug|Any CPU = Debug|Any CPU
		Release|Any CPU = Release|Any CPU
	EndGlobalSection
	GlobalSection(ProjectConfigurationPlatforms) = postSolution
		{2994E41D-0362-4FC7-9204-A6E6759CFD07}.Debug|Any CPU.ActiveCfg = Debug|Any CPU
		{2994E41D-0362-4FC7-9204-A6E6759CFD07}.Debug|Any CPU.Build.0 = Debug|Any CPU
		{2994E41D-0362-4FC7-9204-A6E6759CFD07}.Release|Any CPU.ActiveCfg = Release|Any CPU
		{2994E41D-0362-4FC7-9204-A6E6759CFD07}.Release|Any CPU.Build.0 = Release|Any CPU
	EndGlobalSection
	GlobalSection(SolutionProperties) = preSolution
		HideSolutionNode = FALSE
	EndGlobalSection
	GlobalSection(ExtensibilityGlobals) = postSolution
		SolutionGuid = {D16D692D-6A11-43AC-A4CF-58B20192DC3A}
	EndGlobalSection
EndGlobal
